
Microsoft Visual Studio Solution File, Format Version 12.00
# Visual Studio Version 16
VisualStudioVersion = 16.0.32413.511
MinimumVisualStudioVersion = 10.0.40219.1
Project("{FAE04EC0-301F-11D3-BF4B-00C04F79EFBC}") = "Console APP pratice", "Console APP pratice\Console APP pratice.csproj", "{26F27516-DB32-4702-950A-5CEF53E1D0FB}"
EndProject
Global
	GlobalSection(SolutionConfigurationPlatforms) = preSolution
		Debug|Any CPU = Debug|Any CPU
		Release|Any CPU = Release|Any CPU
	EndGlobalSection
	GlobalSection(ProjectConfigurationPlatforms) = postSolution
		{26F27516-DB32-4702-950A-5CEF53E1D0FB}.Debug|Any CPU.ActiveCfg = Debug|Any CPU
		{26F27516-DB32-4702-950A-5CEF53E1D0FB}.Debug|Any CPU.Build.0 = Debug|Any CPU
		{26F27516-DB32-4702-950A-5CEF53E1D0FB}.Release|Any CPU.ActiveCfg = Release|Any CPU
		{26F27516-DB32-4702-950A-5CEF53E1D0FB}.Release|Any CPU.Build.0 = Release|Any CPU
	EndGlobalSection
	GlobalSection(SolutionProperties) = preSolution
		HideSolutionNode = FALSE
	EndGlobalSection
	GlobalSection(ExtensibilityGlobals) = postSolution
		SolutionGuid = {2DD3D102-8BEC-4230-81C5-21A285F53848}
	EndGlobalSection
EndGlobal
